
Microsoft Visual Studio Solution File, Format Version 12.00
# Visual Studio Version 17
VisualStudioVersion = 17.9.34728.123
MinimumVisualStudioVersion = 10.0.40219.1
Project("{FAE04EC0-301F-11D3-BF4B-00C04F79EFBC}") = "TrainInfoOutputPlugin", "TrainInfoOutputPlugin\TrainInfoOutputPlugin.csproj", "{71C9535E-6F9A-4F6E-BD4E-DC1B34FD747A}"
EndProject
Global
	GlobalSection(SolutionConfigurationPlatforms) = preSolution
		Debug|Any CPU = Debug|Any CPU
		Release|Any CPU = Release|Any CPU
	EndGlobalSection
	GlobalSection(ProjectConfigurationPlatforms) = postSolution
		{71C9535E-6F9A-4F6E-BD4E-DC1B34FD747A}.Debug|Any CPU.ActiveCfg = Debug|Any CPU
		{71C9535E-6F9A-4F6E-BD4E-DC1B34FD747A}.Debug|Any CPU.Build.0 = Debug|Any CPU
		{71C9535E-6F9A-4F6E-BD4E-DC1B34FD747A}.Release|Any CPU.ActiveCfg = Release|Any CPU
		{71C9535E-6F9A-4F6E-BD4E-DC1B34FD747A}.Release|Any CPU.Build.0 = Release|Any CPU
	EndGlobalSection
	GlobalSection(SolutionProperties) = preSolution
		HideSolutionNode = FALSE
	EndGlobalSection
	GlobalSection(ExtensibilityGlobals) = postSolution
		SolutionGuid = {9DB4E1F0-900D-4BA0-A0E4-3C21CA4AA328}
	EndGlobalSection
EndGlobal
